
Microsoft Visual Studio Solution File, Format Version 12.00
# Visual Studio 2012
Project("{FAE04EC0-301F-11D3-BF4B-00C04F79EFBC}") = "SpecFlowOpenSpace", "SpecFlowOpenSpace\SpecFlowOpenSpace.csproj", "{1F9407AB-81B3-40EF-A001-9D2CF262D522}"
EndProject
Project("{FAE04EC0-301F-11D3-BF4B-00C04F79EFBC}") = "SpecFlowOpenSpace.Test", "SpecFlowOpenSpace.Test\SpecFlowOpenSpace.Test.csproj", "{BA1D46F4-9EFF-4C8B-AFF1-2AFB9AE0EEE1}"
EndProject
Global
	GlobalSection(SolutionConfigurationPlatforms) = preSolution
		Debug|Any CPU = Debug|Any CPU
		Release|Any CPU = Release|Any CPU
	EndGlobalSection
	GlobalSection(ProjectConfigurationPlatforms) = postSolution
		{1F9407AB-81B3-40EF-A001-9D2CF262D522}.Debug|Any CPU.ActiveCfg = Debug|Any CPU
		{1F9407AB-81B3-40EF-A001-9D2CF262D522}.Debug|Any CPU.Build.0 = Debug|Any CPU
		{1F9407AB-81B3-40EF-A001-9D2CF262D522}.Release|Any CPU.ActiveCfg = Release|Any CPU
		{1F9407AB-81B3-40EF-A001-9D2CF262D522}.Release|Any CPU.Build.0 = Release|Any CPU
		{BA1D46F4-9EFF-4C8B-AFF1-2AFB9AE0EEE1}.Debug|Any CPU.ActiveCfg = Debug|Any CPU
		{BA1D46F4-9EFF-4C8B-AFF1-2AFB9AE0EEE1}.Debug|Any CPU.Build.0 = Debug|Any CPU
		{BA1D46F4-9EFF-4C8B-AFF1-2AFB9AE0EEE1}.Release|Any CPU.ActiveCfg = Release|Any CPU
		{BA1D46F4-9EFF-4C8B-AFF1-2AFB9AE0EEE1}.Release|Any CPU.Build.0 = Release|Any CPU
	EndGlobalSection
	GlobalSection(SolutionProperties) = preSolution
		HideSolutionNode = FALSE
	EndGlobalSection
EndGlobal
